{
  "nodes": {
    "nixpkgs": {
      "locked": {
        "lastModified": 1722171001,
        "narHash": "sha256-ItmXo9BVSwO0d/k3w8+Qx/XTQjyCzzJuCbX9ll8JZto=",
        "owner": "n8henrie",
        "repo": "nixpkgs",
        "rev": "f0a90d6566df6b41c0a955567db55b0afb4e9a5f",
        "type": "github"
      },
      "original": {
        "owner": "n8henrie",
        "ref": "nix-rust-debug",
        "repo": "nixpkgs",
        "type": "github"
      }
    },
    "root": {
      "inputs": {
        "nixpkgs": "nixpkgs"
      }
    }
  },
  "root": "root",
  "version": 7
}
