{
  "nodes": {
    "nixpkgs": {
      "locked": {
        "lastModified": 1723295026,
        "narHash": "sha256-FXVF769cvHin4m5DHZGr+sF5jqAFT41oCs+edhNmG6E=",
        "owner": "n8henrie",
        "repo": "nixpkgs",
        "rev": "abf6448890166679f437ec029a71b5f94b3708a9",
        "type": "github"
      },
      "original": {
        "owner": "n8henrie",
        "ref": "nix-rust-debug",
        "repo": "nixpkgs",
        "type": "github"
      }
    },
    "root": {
      "inputs": {
        "nixpkgs": "nixpkgs"
      }
    }
  },
  "root": "root",
  "version": 7
}
